<?xml version="1.0" encoding="utf-8"?>
<Project ToolsVersion="4.0" xmlns="http://schemas.microsoft.com/developer/msbuild/2003">
  <ItemGroup>
    <Filter Include="Source Files">
      <UniqueIdentifier>{4FC737F1-C7A5-4376-A066-2A32D752A2FF}</UniqueIdentifier>
      <Extensions>cpp;c;cc;cxx;c++;cppm;ixx;def;odl;idl;hpj;bat;asm;asmx</Extensions>
    </Filter>
    <Filter Include="Header Files">
      <UniqueIdentifier>{93995380-89BD-4b04-88EB-625FBE52EBFB}</UniqueIdentifier>
      <Extensions>h;hh;hpp;hxx;h++;hm;inl;inc;ipp;xsd</Extensions>
    </Filter>
    <Filter Include="Resource Files">
      <UniqueIdentifier>{67DA6AB6-F800-4c08-8B7A-83BB121AAD01}</UniqueIdentifier>
      <Extensions>rc;ico;cur;bmp;dlg;rc2;rct;bin;rgs;gif;jpg;jpeg;jpe;resx;tiff;tif;png;wav;mfcribbon-ms</Extensions>
    </Filter>
  </ItemGroup>
  <ItemGroup>
    <ClInclude Include="framework.h">
      <Filter>Header Files</Filter>
    </ClInclude>
    <ClInclude Include="pch.h">
      <Filter>Header Files</Filter>
    </ClInclude>
    <ClInclude Include="Engine\Source\ThirdParty\CrashReporter\Public\CrashReporter.h">
      <Filter>Header Files</Filter>
    </ClInclude>
    <ClInclude Include="Engine\Source\Runtime\Core\Public\CoreTypes.h">
      <Filter>Header Files</Filter>
    </ClInclude>
    <ClInclude Include="Engine\Source\Runtime\Core\Public\HAL\PreprocessorHelpers.h">
      <Filter>Header Files</Filter>
    </ClInclude>
    <ClInclude Include="Engine\Source\Runtime\Core\Public\Logging\LogCategory.h">
      <Filter>Header Files</Filter>
    </ClInclude>
    <ClInclude Include="Engine\Source\Runtime\Core\Public\Logging\LogMacros.h">
      <Filter>Header Files</Filter>
    </ClInclude>
    <ClInclude Include="Engine\Source\Runtime\Core\Public\Logging\LogVerbosity.h">
      <Filter>Header Files</Filter>
    </ClInclude>
    <ClInclude Include="Engine\Source\Runtime\Core\Public\Misc\AssertionMacros.h">
      <Filter>Header Files</Filter>
    </ClInclude>
    <ClInclude Include="Engine\Source\Runtime\Core\Public\Misc\Build.h">
      <Filter>Header Files</Filter>
    </ClInclude>
    <ClInclude Include="Engine\Source\Runtime\Core\Public\Misc\Parse.h">
      <Filter>Header Files</Filter>
    </ClInclude>
    <ClInclude Include="Engine\Source\Runtime\Core\Public\Misc\VarArgs.h">
      <Filter>Header Files</Filter>
    </ClInclude>
    <ClInclude Include="Engine\Source\ThirdParty\SDK\PropertyFixup.hpp">
      <Filter>Header Files</Filter>
    </ClInclude>
    <ClInclude Include="Engine\Source\ThirdParty\SDK\SDK.hpp">
      <Filter>Header Files</Filter>
    </ClInclude>
    <ClInclude Include="Engine\Source\ThirdParty\SDK\UnrealContainers.hpp">
      <Filter>Header Files</Filter>
    </ClInclude>
    <ClInclude Include="SDK\UtfN.hpp">
      <Filter>Header Files</Filter>
    </ClInclude>
    <ClInclude Include="Engine\Source\Runtime\Core\Public\HAL\Runnable.h">
      <Filter>Header Files</Filter>
    </ClInclude>
    <ClInclude Include="Engine\Source\Runtime\Core\Public\HAL\ThreadHeartBeat.h">
      <Filter>Header Files</Filter>
    </ClInclude>
    <ClInclude Include="Engine\Source\ThirdParty\json\json.hpp">
      <Filter>Header Files</Filter>
    </ClInclude>
    <ClInclude Include="Engine\Source\ThirdParty\Memcury\Memcury.h">
      <Filter>Header Files</Filter>
    </ClInclude>
    <ClInclude Include="Engine\Source\ThirdParty\minhook\MinHook.h">
      <Filter>Header Files</Filter>
    </ClInclude>
  </ItemGroup>
  <ItemGroup>
    <ClCompile Include="dllmain.cpp">
      <Filter>Source Files</Filter>
    </ClCompile>
    <ClCompile Include="pch.cpp">
      <Filter>Source Files</Filter>
    </ClCompile>
    <ClCompile Include="Engine\Source\ThirdParty\CrashReporter\Private\CrashReporter.cpp">
      <Filter>Source Files</Filter>
    </ClCompile>
    <ClCompile Include="Engine\Source\Runtime\Core\Private\Logging\LogCategory.cpp">
      <Filter>Source Files</Filter>
    </ClCompile>
    <ClCompile Include="Engine\Source\Runtime\Core\Private\Logging\LogMacros.cpp">
      <Filter>Source Files</Filter>
    </ClCompile>
    <ClCompile Include="Engine\Source\Runtime\Core\Private\Logging\LogVerbosity.cpp">
      <Filter>Source Files</Filter>
    </ClCompile>
    <ClCompile Include="Engine\Source\Runtime\Core\Private\Misc\AssertionMacros.cpp">
      <Filter>Source Files</Filter>
    </ClCompile>
    <ClCompile Include="Engine\Source\Runtime\Core\Private\Misc\Parse.cpp">
      <Filter>Source Files</Filter>
    </ClCompile>
    <ClCompile Include="Engine\Source\Runtime\Engine\Private\NetDriver.cpp">
      <Filter>Source Files</Filter>
    </ClCompile>
    <ClCompile Include="Engine\Source\Runtime\Engine\Private\UnrealEngine.cpp">
      <Filter>Source Files</Filter>
    </ClCompile>
    <ClCompile Include="Engine\Source\Runtime\Engine\Private\URL.cpp">
      <Filter>Source Files</Filter>
    </ClCompile>
    <ClCompile Include="Engine\Source\Runtime\Engine\Private\World.cpp">
      <Filter>Source Files</Filter>
    </ClCompile>
    <ClCompile Include="Engine\Source\ThirdParty\SDK\SDK\Basic.cpp">
      <Filter>Source Files</Filter>
    </ClCompile>
    <ClCompile Include="Engine\Source\ThirdParty\SDK\SDK\CoreUObject_functions.cpp">
      <Filter>Source Files</Filter>
    </ClCompile>
    <ClCompile Include="Engine\Source\ThirdParty\SDK\SDK\Engine_functions.cpp">
      <Filter>Source Files</Filter>
    </ClCompile>
    <ClCompile Include="Engine\Source\Runtime\UMG\Private\UserWidget.cpp">
      <Filter>Source Files</Filter>
    </ClCompile>
    <ClCompile Include="FortniteGame\Source\FortniteGame\Private\UI\FrontEnd\FortPlayerControllerFrontEnd.cpp">
      <Filter>Source Files</Filter>
    </ClCompile>
    <ClCompile Include="Engine\Source\Runtime\Core\Private\HAL\ThreadHeartBeat.cpp">
      <Filter>Source Files</Filter>
    </ClCompile>
    <ClCompile Include="FortniteGame\Plugins\ForEngine\OnlineGameplayFramework\Source\McpProfileSys\Private\McpProfileGroup.cpp">
      <Filter>Source Files</Filter>
    </ClCompile>
    <ClCompile Include="FortniteGame\Source\FortniteGame\Private\Online\FortGameSession.cpp">
      <Filter>Source Files</Filter>
    </ClCompile>
    <ClCompile Include="FortniteGame\Source\FortniteGame\Public\Athena\GameStateComponents\FortGameStateComponent_BattleRoyaleGamePhaseLogic.cpp">
      <Filter>Source Files</Filter>
    </ClCompile>
    <ClCompile Include="FortniteGame\Source\FortniteGame\Private\FortGameMode.cpp">
      <Filter>Source Files</Filter>
    </ClCompile>
    <ClCompile Include="FortniteGame\Source\FortniteGame\Private\FortGameModeZone.cpp">
      <Filter>Source Files</Filter>
    </ClCompile>
    <ClCompile Include="FortniteGame\Source\FortniteGame\Private\Athena\FortGameModeAthena.cpp">
      <Filter>Source Files</Filter>
    </ClCompile>
    <ClCompile Include="FortniteGame\Source\FortniteGame\Private\Player\FortPlayerController.cpp">
      <Filter>Source Files</Filter>
    </ClCompile>
    <ClCompile Include="Engine\Source\ThirdParty\SDK\SDK\FortniteGame_functions.cpp">
      <Filter>Source Files</Filter>
    </ClCompile>
    <ClCompile Include="Engine\Source\Runtime\Engine\Private\PlayerController.cpp">
      <Filter>Source Files</Filter>
    </ClCompile>
    <ClCompile Include="FortniteGame\Source\FortniteGame\Private\Player\FortPlayerControllerZone.cpp">
      <Filter>Source Files</Filter>
    </ClCompile>
  </ItemGroup>
  <ItemGroup>
    <None Include="Engine\Source\ThirdParty\SDK\NameCollisions.inl">
      <Filter>Header Files</Filter>
    </None>
  </ItemGroup>
</Project>